// !$*UTF8*$!
{
	archiveVersion = 1;
	classes = {
	};
	objectVersion = 77;
	objects = {

/* Begin PBXBuildFile section */
		DACE898A2FE4E326005B582D /* FirebaseCore in Frameworks */ = {isa = PBXBuildFile; productRef = FEFB00202E9EAD3100EA8BCF /* FirebaseCore */; };
		DACE898B2FE4E326005B582D /* FirebaseFirestore in Frameworks */ = {isa = PBXBuildFile; productRef = FEFB00402E9EAD3100EA8BCF /* FirebaseFirestore */; };
		DACE898C2FE4E326005B582D /* FirebaseAuth in Frameworks */ = {isa = PBXBuildFile; productRef = FEFB00502E9EAD3100EA8BCF /* FirebaseAuth */; };
		DACE898D2FE4E326005B582D /* FirebaseCrashlytics in Frameworks */ = {isa = PBXBuildFile; productRef = FEAA03002E9F200000EA8BCF /* FirebaseCrashlytics */; };
		DACE898E2FE4E326005B582D /* SocialDataConnect in Frameworks */ = {isa = PBXBuildFile; productRef = FEAA01022E9F000000EA8BCF /* SocialDataConnect */; };
		FEUF00012E00000000000001 /* UnityFramework.framework in Frameworks */ = {isa = PBXBuildFile; fileRef = FEUF00002E00000000000000 /* UnityFramework.framework */; };
		FEUF00022E00000000000002 /* UnityFramework.framework in Embed Frameworks */ = {isa = PBXBuildFile; fileRef = FEUF00002E00000000000000 /* UnityFramework.framework */; settings = {ATTRIBUTES = (CodeSignOnCopy, RemoveHeadersOnCopy, ); }; };
/* End PBXBuildFile section */

/* Begin PBXCopyFilesBuildPhase section */
		FEUF00032E00000000000003 /* Embed Frameworks */ = {
			isa = PBXCopyFilesBuildPhase;
			buildActionMask = 2147483647;
			dstPath = "";
			dstSubfolderSpec = 10;
			files = (
				FEUF00022E00000000000002 /* UnityFramework.framework in Embed Frameworks */,
			);
			name = "Embed Frameworks";
			runOnlyForDeploymentPostprocessing = 0;
		};
/* End PBXCopyFilesBuildPhase section */

/* Begin PBXContainerItemProxy section */
		105FC58A2E9EAD3200EA8BCF /* PBXContainerItemProxy */ = {
			isa = PBXContainerItemProxy;
			containerPortal = 105FC5722E9EAD3100EA8BCF /* Project object */;
			proxyType = 1;
			remoteGlobalIDString = 105FC5792E9EAD3100EA8BCF;
			remoteInfo = FinalEvolutionLab;
		};
		105FC5942E9EAD3200EA8BCF /* PBXContainerItemProxy */ = {
			isa = PBXContainerItemProxy;
			containerPortal = 105FC5722E9EAD3100EA8BCF /* Project object */;
			proxyType = 1;
			remoteGlobalIDString = 105FC5792E9EAD3100EA8BCF;
			remoteInfo = FinalEvolutionLab;
		};
/* End PBXContainerItemProxy section */

/* Begin PBXFileReference section */
		105FC57A2E9EAD3100EA8BCF /* FinalEvolutionLab.app */ = {isa = PBXFileReference; explicitFileType = wrapper.application; includeInIndex = 0; path = FinalEvolutionLab.app; sourceTree = BUILT_PRODUCTS_DIR; };
		105FC5892E9EAD3200EA8BCF /* FinalEvolutionLabTests.xctest */ = {isa = PBXFileReference; explicitFileType = wrapper.cfbundle; includeInIndex = 0; path = FinalEvolutionLabTests.xctest; sourceTree = BUILT_PRODUCTS_DIR; };
		105FC5932E9EAD3200EA8BCF /* FinalEvolutionLabUITests.xctest */ = {isa = PBXFileReference; explicitFileType = wrapper.cfbundle; includeInIndex = 0; path = FinalEvolutionLabUITests.xctest; sourceTree = BUILT_PRODUCTS_DIR; };
		FEUF00002E00000000000000 /* UnityFramework.framework */ = {isa = PBXFileReference; lastKnownFileType = wrapper.framework; name = UnityFramework.framework; path = Vendor/UnityFramework.framework; sourceTree = "<group>"; };
/* End PBXFileReference section */

/* Begin PBXFileSystemSynchronizedRootGroup section */
		105FC57C2E9EAD3100EA8BCF /* FinalEvolutionLab */ = {
			isa = PBXFileSystemSynchronizedRootGroup;
			path = FinalEvolutionLab;
			sourceTree = "<group>";
		};
		105FC58C2E9EAD3200EA8BCF /* FinalEvolutionLabTests */ = {
			isa = PBXFileSystemSynchronizedRootGroup;
			path = FinalEvolutionLabTests;
			sourceTree = "<group>";
		};
		105FC5962E9EAD3200EA8BCF /* FinalEvolutionLabUITests */ = {
			isa = PBXFileSystemSynchronizedRootGroup;
			path = FinalEvolutionLabUITests;
			sourceTree = "<group>";
		};
/* End PBXFileSystemSynchronizedRootGroup section */

/* Begin PBXFrameworksBuildPhase section */
		105FC5772E9EAD3100EA8BCF /* Frameworks */ = {
			isa = PBXFrameworksBuildPhase;
			buildActionMask = 2147483647;
			files = (
				FEUF00012E00000000000001 /* UnityFramework.framework in Frameworks */,
				DACE898E2FE4E326005B582D /* SocialDataConnect in Frameworks */,
				DACE898D2FE4E326005B582D /* FirebaseCrashlytics in Frameworks */,
				DACE898C2FE4E326005B582D /* FirebaseAuth in Frameworks */,
				DACE898B2FE4E326005B582D /* FirebaseFirestore in Frameworks */,
				DACE898A2FE4E326005B582D /* FirebaseCore in Frameworks */,
			);
			runOnlyForDeploymentPostprocessing = 0;
		};
		105FC5862E9EAD3200EA8BCF /* Frameworks */ = {
			isa = PBXFrameworksBuildPhase;
			buildActionMask = 2147483647;
			files = (
			);
			runOnlyForDeploymentPostprocessing = 0;
		};
		105FC5902E9EAD3200EA8BCF /* Frameworks */ = {
			isa = PBXFrameworksBuildPhase;
			buildActionMask = 2147483647;
			files = (
			);
			runOnlyForDeploymentPostprocessing = 0;
		};
/* End PBXFrameworksBuildPhase section */

/* Begin PBXGroup section */
		105FC5712E9EAD3100EA8BCF = {
			isa = PBXGroup;
			children = (
				105FC57C2E9EAD3100EA8BCF /* FinalEvolutionLab */,
				105FC58C2E9EAD3200EA8BCF /* FinalEvolutionLabTests */,
				105FC5962E9EAD3200EA8BCF /* FinalEvolutionLabUITests */,
				FEUF00002E00000000000000 /* UnityFramework.framework */,
				105FC57B2E9EAD3100EA8BCF /* Products */,
			);
			sourceTree = "<group>";
		};
		105FC57B2E9EAD3100EA8BCF /* Products */ = {
			isa = PBXGroup;
			children = (
				105FC57A2E9EAD3100EA8BCF /* FinalEvolutionLab.app */,
				105FC5892E9EAD3200EA8BCF /* FinalEvolutionLabTests.xctest */,
				105FC5932E9EAD3200EA8BCF /* FinalEvolutionLabUITests.xctest */,
			);
			name = Products;
			sourceTree = "<group>";
		};
/* End PBXGroup section */

/* Begin PBXNativeTarget section */
		105FC5792E9EAD3100EA8BCF /* FinalEvolutionLab */ = {
			isa = PBXNativeTarget;
			buildConfigurationList = 105FC59D2E9EAD3200EA8BCF /* Build configuration list for PBXNativeTarget "FinalEvolutionLab" */;
			buildPhases = (
				FENX01002E9F600000EA8BCF /* Build NEXUS iOS static libs */,
				FENX02002E9F600000EA8BCF /* Bundle NEXUS venue assets */,
				105FC5762E9EAD3100EA8BCF /* Sources */,
				105FC5772E9EAD3100EA8BCF /* Frameworks */,
				105FC5782E9EAD3100EA8BCF /* Resources */,
				FEUF00032E00000000000003 /* Embed Frameworks */,
				FEAA02002E9F0A0000EA8BCF /* Verify GoogleService-Info.plist */,
				FEAA05002E9F500000EA8BCF /* Crashlytics upload symbols (Release) */,
			);
			buildRules = (
			);
			dependencies = (
			);
			fileSystemSynchronizedGroups = (
				105FC57C2E9EAD3100EA8BCF /* FinalEvolutionLab */,
			);
			name = FinalEvolutionLab;
			packageProductDependencies = (
				FEFB00202E9EAD3100EA8BCF /* FirebaseCore */,
				FEFB00402E9EAD3100EA8BCF /* FirebaseFirestore */,
				FEFB00502E9EAD3100EA8BCF /* FirebaseAuth */,
				FEAA03002E9F200000EA8BCF /* FirebaseCrashlytics */,
				FEAA01022E9F000000EA8BCF /* SocialDataConnect */,
			);
			productName = FinalEvolutionLab;
			productReference = 105FC57A2E9EAD3100EA8BCF /* FinalEvolutionLab.app */;
			productType = "com.apple.product-type.application";
		};
		105FC5882E9EAD3200EA8BCF /* FinalEvolutionLabTests */ = {
			isa = PBXNativeTarget;
			buildConfigurationList = 105FC5A02E9EAD3200EA8BCF /* Build configuration list for PBXNativeTarget "FinalEvolutionLabTests" */;
			buildPhases = (
				105FC5852E9EAD3200EA8BCF /* Sources */,
				105FC5862E9EAD3200EA8BCF /* Frameworks */,
				105FC5872E9EAD3200EA8BCF /* Resources */,
			);
			buildRules = (
			);
			dependencies = (
				105FC58B2E9EAD3200EA8BCF /* PBXTargetDependency */,
			);
			fileSystemSynchronizedGroups = (
				105FC58C2E9EAD3200EA8BCF /* FinalEvolutionLabTests */,
			);
			name = FinalEvolutionLabTests;
			packageProductDependencies = (
			);
			productName = FinalEvolutionLabTests;
			productReference = 105FC5892E9EAD3200EA8BCF /* FinalEvolutionLabTests.xctest */;
			productType = "com.apple.product-type.bundle.unit-test";
		};
		105FC5922E9EAD3200EA8BCF /* FinalEvolutionLabUITests */ = {
			isa = PBXNativeTarget;
			buildConfigurationList = 105FC5A32E9EAD3200EA8BCF /* Build configuration list for PBXNativeTarget "FinalEvolutionLabUITests" */;
			buildPhases = (
				105FC58F2E9EAD3200EA8BCF /* Sources */,
				105FC5902E9EAD3200EA8BCF /* Frameworks */,
				105FC5912E9EAD3200EA8BCF /* Resources */,
			);
			buildRules = (
			);
			dependencies = (
				105FC5952E9EAD3200EA8BCF /* PBXTargetDependency */,
			);
			fileSystemSynchronizedGroups = (
				105FC5962E9EAD3200EA8BCF /* FinalEvolutionLabUITests */,
			);
			name = FinalEvolutionLabUITests;
			packageProductDependencies = (
			);
			productName = FinalEvolutionLabUITests;
			productReference = 105FC5932E9EAD3200EA8BCF /* FinalEvolutionLabUITests.xctest */;
			productType = "com.apple.product-type.bundle.ui-testing";
		};
/* End PBXNativeTarget section */

/* Begin PBXProject section */
		105FC5722E9EAD3100EA8BCF /* Project object */ = {
			isa = PBXProject;
			attributes = {
				BuildIndependentTargetsInParallel = 1;
				LastSwiftUpdateCheck = 2600;
				LastUpgradeCheck = 2650;
				ORGANIZATIONNAME = "Final Evolution LLC";
				TargetAttributes = {
					105FC5792E9EAD3100EA8BCF = {
						CreatedOnToolsVersion = 26.0;
					};
					105FC5882E9EAD3200EA8BCF = {
						CreatedOnToolsVersion = 26.0;
						TestTargetID = 105FC5792E9EAD3100EA8BCF;
					};
					105FC5922E9EAD3200EA8BCF = {
						CreatedOnToolsVersion = 26.0;
						TestTargetID = 105FC5792E9EAD3100EA8BCF;
					};
				};
			};
			buildConfigurationList = 105FC5752E9EAD3100EA8BCF /* Build configuration list for PBXProject "FinalEvolutionLab" */;
			developmentRegion = en;
			hasScannedForEncodings = 0;
			knownRegions = (
				en,
				Base,
			);
			mainGroup = 105FC5712E9EAD3100EA8BCF;
			minimizedProjectReferenceProxies = 1;
			packageReferences = (
				FEFB00102E9EAD3100EA8BCF /* XCRemoteSwiftPackageReference "firebase-ios-sdk" */,
				FEAA01012E9F000000EA8BCF /* XCLocalSwiftPackageReference "FinalEvolutionLab/Generated/SocialDataConnect/SocialDataConnect" */,
			);
			preferredProjectObjectVersion = 77;
			productRefGroup = 105FC57B2E9EAD3100EA8BCF /* Products */;
			projectDirPath = "";
			projectRoot = "";
			targets = (
				105FC5792E9EAD3100EA8BCF /* FinalEvolutionLab */,
				105FC5882E9EAD3200EA8BCF /* FinalEvolutionLabTests */,
				105FC5922E9EAD3200EA8BCF /* FinalEvolutionLabUITests */,
			);
		};
/* End PBXProject section */

/* Begin PBXResourcesBuildPhase section */
		105FC5782E9EAD3100EA8BCF /* Resources */ = {
			isa = PBXResourcesBuildPhase;
			buildActionMask = 2147483647;
			files = (
			);
			runOnlyForDeploymentPostprocessing = 0;
		};
		105FC5872E9EAD3200EA8BCF /* Resources */ = {
			isa = PBXResourcesBuildPhase;
			buildActionMask = 2147483647;
			files = (
			);
			runOnlyForDeploymentPostprocessing = 0;
		};
		105FC5912E9EAD3200EA8BCF /* Resources */ = {
			isa = PBXResourcesBuildPhase;
			buildActionMask = 2147483647;
			files = (
			);
			runOnlyForDeploymentPostprocessing = 0;
		};
/* End PBXResourcesBuildPhase section */

/* Begin PBXShellScriptBuildPhase section */
		FENX02002E9F600000EA8BCF /* Bundle NEXUS venue assets */ = {
			isa = PBXShellScriptBuildPhase;
			alwaysOutOfDate = 1;
			buildActionMask = 2147483647;
			files = (
			);
			inputFileListPaths = (
			);
			inputPaths = (
				"${SRCROOT}/assets/nexus/manifests/nexus_asset_manifest.json",
				"${SRCROOT}/assets/nexus/imported",
			);
			name = "Bundle NEXUS venue assets";
			outputFileListPaths = (
			);
			outputPaths = (
				"${TARGET_BUILD_DIR}/${UNLOCALIZED_RESOURCES_FOLDER_PATH}/assets/nexus/manifests/nexus_asset_manifest.json",
			);
			runOnlyForDeploymentPostprocessing = 0;
			shellPath = /bin/sh;
			shellScript = "set -euo pipefail\nNEXUS_SRC=\"${SRCROOT}/assets/nexus\"\nDEST=\"${TARGET_BUILD_DIR}/${UNLOCALIZED_RESOURCES_FOLDER_PATH}/assets/nexus\"\nMANIFEST=\"${NEXUS_SRC}/manifests/nexus_asset_manifest.json\"\nif [ ! -f \"${MANIFEST}\" ]; then\n  echo \"error: Missing ${MANIFEST} — run from repo root with assets/nexus checked out.\"\n  exit 1\nfi\nmkdir -p \"${DEST}/manifests\" \"${DEST}/imported\"\ncp \"${MANIFEST}\" \"${DEST}/manifests/\"\ncp \"${NEXUS_SRC}/imported/\"*.nexusmesh.json \"${DEST}/imported/\"\nMESH_COUNT=$(ls -1 \"${DEST}/imported/\"*.nexusmesh.json 2>/dev/null | wc -l | tr -d ' ')\necho \"note: Bundled NEXUS manifest + ${MESH_COUNT} imported mesh sidecars into app resources.\"\n";
		};
		FENX01002E9F600000EA8BCF /* Build NEXUS iOS static libs */ = {
			isa = PBXShellScriptBuildPhase;
			alwaysOutOfDate = 1;
			buildActionMask = 2147483647;
			files = (
			);
			inputFileListPaths = (
			);
			inputPaths = (
				"${SRCROOT}/scripts/build-nexus-ios.sh",
				"${SRCROOT}/CMakeLists.txt",
				"${SRCROOT}/NexusPrebuilt/iphonesimulator/libnexus_gameplay.a",
				"${SRCROOT}/NexusPrebuilt/iphonesimulator/libnexus_renderer.a",
				"${SRCROOT}/NexusPrebuilt/iphonesimulator/libnexus_ai_interface.a",
				"${SRCROOT}/NexusPrebuilt/iphonesimulator/libnexus_generative.a",
				"${SRCROOT}/NexusPrebuilt/iphonesimulator/libnexus_assets.a",
				"${SRCROOT}/NexusPrebuilt/iphonesimulator/libnexus_luma.a",
				"${SRCROOT}/NexusPrebuilt/iphonesimulator/libnexus_creative.a",
				"${SRCROOT}/NexusPrebuilt/iphonesimulator/libnexus_physics.a",
				"${SRCROOT}/NexusPrebuilt/iphonesimulator/libnexus_core.a",
				"${SRCROOT}/NexusPrebuilt/iphoneos/libnexus_gameplay.a",
				"${SRCROOT}/NexusPrebuilt/iphoneos/libnexus_renderer.a",
				"${SRCROOT}/NexusPrebuilt/iphoneos/libnexus_ai_interface.a",
				"${SRCROOT}/NexusPrebuilt/iphoneos/libnexus_generative.a",
				"${SRCROOT}/NexusPrebuilt/iphoneos/libnexus_assets.a",
				"${SRCROOT}/NexusPrebuilt/iphoneos/libnexus_luma.a",
				"${SRCROOT}/NexusPrebuilt/iphoneos/libnexus_creative.a",
				"${SRCROOT}/NexusPrebuilt/iphoneos/libnexus_physics.a",
				"${SRCROOT}/NexusPrebuilt/iphoneos/libnexus_core.a",
			);
			name = "Build NEXUS iOS static libs";
			outputFileListPaths = (
			);
			outputPaths = (
				"${DERIVED_FILE_DIR}/nexus-ios/libnexus_gameplay.a",
				"${DERIVED_FILE_DIR}/nexus-ios/libnexus_renderer.a",
				"${DERIVED_FILE_DIR}/nexus-ios/libnexus_ai_interface.a",
				"${DERIVED_FILE_DIR}/nexus-ios/libnexus_generative.a",
				"${DERIVED_FILE_DIR}/nexus-ios/libnexus_assets.a",
				"${DERIVED_FILE_DIR}/nexus-ios/libnexus_luma.a",
				"${DERIVED_FILE_DIR}/nexus-ios/libnexus_creative.a",
				"${DERIVED_FILE_DIR}/nexus-ios/libnexus_physics.a",
				"${DERIVED_FILE_DIR}/nexus-ios/libnexus_core.a",
			);
			runOnlyForDeploymentPostprocessing = 0;
			shellPath = /bin/sh;
			shellScript = "set -euo pipefail\ncd \"${SRCROOT}\"\n./scripts/build-nexus-ios.sh\n";
		};
		FEAA02002E9F0A0000EA8BCF /* Verify GoogleService-Info.plist */ = {
			isa = PBXShellScriptBuildPhase;
			alwaysOutOfDate = 1;
			buildActionMask = 2147483647;
			files = (
			);
			inputFileListPaths = (
			);
			inputPaths = (
			);
			name = "Verify GoogleService-Info.plist";
			outputFileListPaths = (
			);
			outputPaths = (
			);
			runOnlyForDeploymentPostprocessing = 0;
			shellPath = /bin/sh;
			shellScript = "PLIST_PATH=\"${SRCROOT}/FinalEvolutionLab/GoogleService-Info.plist\"\nEXAMPLE_PATH=\"${SRCROOT}/FinalEvolutionLab/GoogleService-Info.example.plist\"\nCHECK_SCRIPT=\"${SRCROOT}/scripts/lib/firebase-plist-check.sh\"\nif [ ! -f \"${PLIST_PATH}\" ]; then\n  if [ \"${ALLOW_GOOGLE_SERVICE_PLACEHOLDER:-}\" = \"1\" ] && [ -f \"${EXAMPLE_PATH}\" ]; then\n    cp \"${EXAMPLE_PATH}\" \"${PLIST_PATH}\"\n    echo \"warning: Copied GoogleService-Info.example.plist → GoogleService-Info.plist (ALLOW_GOOGLE_SERVICE_PLACEHOLDER=1). Replace with your Firebase plist before shipping.\"\n  elif [ \"${CONFIGURATION}\" = \"Release\" ]; then\n    echo \"error: Missing GoogleService-Info.plist at ${PLIST_PATH}. Add your Firebase plist beside GoogleService-Info.example.plist. For CI-only compile checks: ALLOW_GOOGLE_SERVICE_PLACEHOLDER=1.\"\n    exit 1\n  else\n    echo \"warning: Missing GoogleService-Info.plist at ${PLIST_PATH} (Firebase will be disabled in Debug).\"\n  fi\nfi\nif [ -f \"${PLIST_PATH}\" ] && [ -f \"${CHECK_SCRIPT}\" ]; then\n  if ! bash \"${CHECK_SCRIPT}\" is-placeholder \"${PLIST_PATH}\"; then\n    if ! bash \"${CHECK_SCRIPT}\" validate-bundle-id \"${PLIST_PATH}\" \"com.finalevolutionlab.app\"; then\n      echo \"error: GoogleService-Info.plist BUNDLE_ID must be com.finalevolutionlab.app (not FinalEvoLab).\"\n      exit 1\n    fi\n  fi\nfi\n";
		};
		FEAA05002E9F500000EA8BCF /* Crashlytics upload symbols (Release) */ = {
			isa = PBXShellScriptBuildPhase;
			alwaysOutOfDate = 1;
			buildActionMask = 2147483647;
			files = (
			);
			inputFileListPaths = (
			);
			inputPaths = (
				"${DWARF_DSYM_FOLDER_PATH}/${DWARF_DSYM_FILE_NAME}/Contents/Resources/DWARF/${TARGET_NAME}",
			);
			name = "Crashlytics upload symbols (Release)";
			outputFileListPaths = (
			);
			outputPaths = (
			);
			runOnlyForDeploymentPostprocessing = 0;
			shellPath = /bin/sh;
			shellScript = "if [ \"${CONFIGURATION}\" != \"Release\" ]; then exit 0; fi\nPLIST_PATH=\"${SRCROOT}/FinalEvolutionLab/GoogleService-Info.plist\"\nif [ \"${NEXUS_FIREBASE_DISABLED:-}\" = \"1\" ] || [ \"${SKIP_CRASHLYTICS_UPLOAD:-}\" = \"1\" ]; then\n  echo \"warning: Crashlytics symbol upload skipped (NEXUS_FIREBASE_DISABLED or SKIP_CRASHLYTICS_UPLOAD).\"\n  exit 0\nfi\nif [ -f \"${PLIST_PATH}\" ]; then\n  if grep -q 'REPLACE_ME' \"${PLIST_PATH}\" 2>/dev/null; then\n    echo \"warning: Crashlytics symbol upload skipped — GoogleService-Info.plist is preview/placeholder.\"\n    exit 0\n  fi\n  GOOGLE_APP_ID=$(/usr/libexec/PlistBuddy -c \"Print :GOOGLE_APP_ID\" \"${PLIST_PATH}\" 2>/dev/null || true)\n  if [ \"${GOOGLE_APP_ID}\" = \"1:000000000000:ios:0000000000000000000000\" ]; then\n    echo \"warning: Crashlytics symbol upload skipped — GOOGLE_APP_ID is example placeholder.\"\n    exit 0\n  fi\n  FEL_PREVIEW=$(/usr/libexec/PlistBuddy -c \"Print :FEL_FIREBASE_PREVIEW\" \"${PLIST_PATH}\" 2>/dev/null || true)\n  if [ \"${FEL_PREVIEW}\" = \"1\" ]; then\n    echo \"warning: Crashlytics symbol upload skipped — FEL_FIREBASE_PREVIEW=1.\"\n    exit 0\n  fi\nfi\nSEARCH_ROOT=\"${BUILD_DIR}/../../..\"\nRUN=$(find \"$SEARCH_ROOT\" -path \"*/checkouts/firebase-ios-sdk/Crashlytics/run\" -type f 2>/dev/null | head -1)\nif [ -z \"$RUN\" ] || [ ! -f \"$RUN\" ]; then\n  echo \"warning: firebase-ios-sdk Crashlytics/run not found under ${SEARCH_ROOT}. Archive once after SPM resolves packages.\"\n  exit 0\nfi\nbash \"$RUN\"\n";
		};
/* End PBXShellScriptBuildPhase section */

/* Begin PBXSourcesBuildPhase section */
		105FC5762E9EAD3100EA8BCF /* Sources */ = {
			isa = PBXSourcesBuildPhase;
			buildActionMask = 2147483647;
			files = (
			);
			runOnlyForDeploymentPostprocessing = 0;
		};
		105FC5852E9EAD3200EA8BCF /* Sources */ = {
			isa = PBXSourcesBuildPhase;
			buildActionMask = 2147483647;
			files = (
			);
			runOnlyForDeploymentPostprocessing = 0;
		};
		105FC58F2E9EAD3200EA8BCF /* Sources */ = {
			isa = PBXSourcesBuildPhase;
			buildActionMask = 2147483647;
			files = (
			);
			runOnlyForDeploymentPostprocessing = 0;
		};
/* End PBXSourcesBuildPhase section */

/* Begin PBXTargetDependency section */
		105FC58B2E9EAD3200EA8BCF /* PBXTargetDependency */ = {
			isa = PBXTargetDependency;
			target = 105FC5792E9EAD3100EA8BCF /* FinalEvolutionLab */;
			targetProxy = 105FC58A2E9EAD3200EA8BCF /* PBXContainerItemProxy */;
		};
		105FC5952E9EAD3200EA8BCF /* PBXTargetDependency */ = {
			isa = PBXTargetDependency;
			target = 105FC5792E9EAD3100EA8BCF /* FinalEvolutionLab */;
			targetProxy = 105FC5942E9EAD3200EA8BCF /* PBXContainerItemProxy */;
		};
/* End PBXTargetDependency section */

/* Begin XCBuildConfiguration section */
		105FC59B2E9EAD3200EA8BCF /* Debug */ = {
			isa = XCBuildConfiguration;
			buildSettings = {
				ALWAYS_SEARCH_USER_PATHS = NO;
				ASSETCATALOG_COMPILER_GENERATE_SWIFT_ASSET_SYMBOL_EXTENSIONS = YES;
				CLANG_ANALYZER_NONNULL = YES;
				CLANG_ANALYZER_NUMBER_OBJECT_CONVERSION = YES_AGGRESSIVE;
				CLANG_CXX_LANGUAGE_STANDARD = "gnu++20";
				CLANG_ENABLE_MODULES = YES;
				CLANG_ENABLE_OBJC_ARC = YES;
				CLANG_ENABLE_OBJC_WEAK = YES;
				CLANG_WARN_BLOCK_CAPTURE_AUTORELEASING = YES;
				CLANG_WARN_BOOL_CONVERSION = YES;
				CLANG_WARN_COMMA = YES;
				CLANG_WARN_CONSTANT_CONVERSION = YES;
				CLANG_WARN_DEPRECATED_OBJC_IMPLEMENTATIONS = YES;
				CLANG_WARN_DIRECT_OBJC_ISA_USAGE = YES_ERROR;
				CLANG_WARN_DOCUMENTATION_COMMENTS = YES;
				CLANG_WARN_EMPTY_BODY = YES;
				CLANG_WARN_ENUM_CONVERSION = YES;
				CLANG_WARN_INFINITE_RECURSION = YES;
				CLANG_WARN_INT_CONVERSION = YES;
				CLANG_WARN_NON_LITERAL_NULL_CONVERSION = YES;
				CLANG_WARN_OBJC_IMPLICIT_RETAIN_SELF = YES;
				CLANG_WARN_OBJC_LITERAL_CONVERSION = YES;
				CLANG_WARN_OBJC_ROOT_CLASS = YES_ERROR;
				CLANG_WARN_QUOTED_INCLUDE_IN_FRAMEWORK_HEADER = YES;
				CLANG_WARN_RANGE_LOOP_ANALYSIS = YES;
				CLANG_WARN_STRICT_PROTOTYPES = YES;
				CLANG_WARN_SUSPICIOUS_MOVE = YES;
				CLANG_WARN_UNGUARDED_AVAILABILITY = YES_AGGRESSIVE;
				CLANG_WARN_UNREACHABLE_CODE = YES;
				CLANG_WARN__DUPLICATE_METHOD_MATCH = YES;
				COPY_PHASE_STRIP = NO;
				DEBUG_INFORMATION_FORMAT = dwarf;
				DEVELOPMENT_TEAM = 7KJ6G7HLL4;
				ENABLE_STRICT_OBJC_MSGSEND = YES;
				ENABLE_TESTABILITY = YES;
				ENABLE_USER_SCRIPT_SANDBOXING = YES;
				GCC_C_LANGUAGE_STANDARD = gnu17;
				GCC_DYNAMIC_NO_PIC = NO;
				GCC_NO_COMMON_BLOCKS = YES;
				GCC_OPTIMIZATION_LEVEL = 0;
				GCC_PREPROCESSOR_DEFINITIONS = (
					"DEBUG=1",
					"$(inherited)",
				);
				GCC_WARN_64_TO_32_BIT_CONVERSION = YES;
				GCC_WARN_ABOUT_RETURN_TYPE = YES_ERROR;
				GCC_WARN_UNDECLARED_SELECTOR = YES;
				GCC_WARN_UNINITIALIZED_AUTOS = YES_AGGRESSIVE;
				GCC_WARN_UNUSED_FUNCTION = YES;
				GCC_WARN_UNUSED_VARIABLE = YES;
				IPHONEOS_DEPLOYMENT_TARGET = 18.0;
				LOCALIZATION_PREFERS_STRING_CATALOGS = YES;
				MTL_ENABLE_DEBUG_INFO = INCLUDE_SOURCE;
				MTL_FAST_MATH = YES;
				ONLY_ACTIVE_ARCH = YES;
				SDKROOT = iphoneos;
				STRING_CATALOG_GENERATE_SYMBOLS = YES;
				SWIFT_ACTIVE_COMPILATION_CONDITIONS = "DEBUG $(inherited)";
				SWIFT_OPTIMIZATION_LEVEL = "-Onone";
			};
			name = Debug;
		};
		105FC59C2E9EAD3200EA8BCF /* Release */ = {
			isa = XCBuildConfiguration;
			buildSettings = {
				ALWAYS_SEARCH_USER_PATHS = NO;
				ASSETCATALOG_COMPILER_GENERATE_SWIFT_ASSET_SYMBOL_EXTENSIONS = YES;
				CLANG_ANALYZER_NONNULL = YES;
				CLANG_ANALYZER_NUMBER_OBJECT_CONVERSION = YES_AGGRESSIVE;
				CLANG_CXX_LANGUAGE_STANDARD = "gnu++20";
				CLANG_ENABLE_MODULES = YES;
				CLANG_ENABLE_OBJC_ARC = YES;
				CLANG_ENABLE_OBJC_WEAK = YES;
				CLANG_WARN_BLOCK_CAPTURE_AUTORELEASING = YES;
				CLANG_WARN_BOOL_CONVERSION = YES;
				CLANG_WARN_COMMA = YES;
				CLANG_WARN_CONSTANT_CONVERSION = YES;
				CLANG_WARN_DEPRECATED_OBJC_IMPLEMENTATIONS = YES;
				CLANG_WARN_DIRECT_OBJC_ISA_USAGE = YES_ERROR;
				CLANG_WARN_DOCUMENTATION_COMMENTS = YES;
				CLANG_WARN_EMPTY_BODY = YES;
				CLANG_WARN_ENUM_CONVERSION = YES;
				CLANG_WARN_INFINITE_RECURSION = YES;
				CLANG_WARN_INT_CONVERSION = YES;
				CLANG_WARN_NON_LITERAL_NULL_CONVERSION = YES;
				CLANG_WARN_OBJC_IMPLICIT_RETAIN_SELF = YES;
				CLANG_WARN_OBJC_LITERAL_CONVERSION = YES;
				CLANG_WARN_OBJC_ROOT_CLASS = YES_ERROR;
				CLANG_WARN_QUOTED_INCLUDE_IN_FRAMEWORK_HEADER = YES;
				CLANG_WARN_RANGE_LOOP_ANALYSIS = YES;
				CLANG_WARN_STRICT_PROTOTYPES = YES;
				CLANG_WARN_SUSPICIOUS_MOVE = YES;
				CLANG_WARN_UNGUARDED_AVAILABILITY = YES_AGGRESSIVE;
				CLANG_WARN_UNREACHABLE_CODE = YES;
				CLANG_WARN__DUPLICATE_METHOD_MATCH = YES;
				COPY_PHASE_STRIP = NO;
				DEBUG_INFORMATION_FORMAT = "dwarf-with-dsym";
				DEVELOPMENT_TEAM = 78L8GWA44F;
				ENABLE_NS_ASSERTIONS = NO;
				ENABLE_STRICT_OBJC_MSGSEND = YES;
				ENABLE_USER_SCRIPT_SANDBOXING = YES;
				GCC_C_LANGUAGE_STANDARD = gnu17;
				GCC_NO_COMMON_BLOCKS = YES;
				GCC_WARN_64_TO_32_BIT_CONVERSION = YES;
				GCC_WARN_ABOUT_RETURN_TYPE = YES_ERROR;
				GCC_WARN_UNDECLARED_SELECTOR = YES;
				GCC_WARN_UNINITIALIZED_AUTOS = YES_AGGRESSIVE;
				GCC_WARN_UNUSED_FUNCTION = YES;
				GCC_WARN_UNUSED_VARIABLE = YES;
				IPHONEOS_DEPLOYMENT_TARGET = 18.0;
				LOCALIZATION_PREFERS_STRING_CATALOGS = YES;
				MTL_ENABLE_DEBUG_INFO = NO;
				MTL_FAST_MATH = YES;
				SDKROOT = iphoneos;
				STRING_CATALOG_GENERATE_SYMBOLS = YES;
				SWIFT_COMPILATION_MODE = wholemodule;
				VALIDATE_PRODUCT = YES;
			};
			name = Release;
		};
		105FC59E2E9EAD3200EA8BCF /* Debug */ = {
			isa = XCBuildConfiguration;
			buildSettings = {
				ASSETCATALOG_COMPILER_APPICON_NAME = AppIcon;
				ASSETCATALOG_COMPILER_GLOBAL_ACCENT_COLOR_NAME = AccentColor;
				CLANG_CXX_LANGUAGE_STANDARD = "gnu++20";
				CODE_SIGN_ENTITLEMENTS = FinalEvolutionLab/FinalEvolutionLab.entitlements;
				CODE_SIGN_STYLE = Automatic;
				CURRENT_PROJECT_VERSION = 1;
				DEVELOPMENT_TEAM = 7KJ6G7HLL4;
				ENABLE_PREVIEWS = YES;
				ENABLE_USER_SCRIPT_SANDBOXING = NO;
				GENERATE_INFOPLIST_FILE = YES;
				HEADER_SEARCH_PATHS = (
					"$(inherited)",
					"$(SRCROOT)/third_party",
					"$(SRCROOT)/engine/core/include",
					"$(SRCROOT)/engine/physics/include",
					"$(SRCROOT)/engine/creative/include",
					"$(SRCROOT)/engine/assets/include",
					"$(SRCROOT)/engine/generative/include",
					"$(SRCROOT)/engine/assets/include",
					"$(SRCROOT)/engine/luma/include",
					"$(SRCROOT)/engine/ai_interface/include",
					"$(SRCROOT)/engine/renderer/include",
					"$(SRCROOT)/app/gameplay/include",
					"$(SRCROOT)/build-ios/nexus-ios/_deps/nlohmann_json-src/include",
					"$(SRCROOT)/build-ios/_deps/nlohmann_json-src/include",
					"$(SRCROOT)/NexusPrebuilt/_deps/nlohmann_json-src/include",
					"$(TARGET_TEMP_DIR)/nexus-ios/_deps/nlohmann_json-src/include",
				);
				LIBRARY_SEARCH_PATHS = (
					"$(inherited)",
					"$(DERIVED_FILE_DIR)/nexus-ios",
					"$(SRCROOT)/NexusPrebuilt",
					"$(SRCROOT)/build-ios",
				);
				OTHER_LDFLAGS = (
					"$(inherited)",
					"-lnexus_gameplay",
					"-lnexus_renderer",
					"-lnexus_ai_interface",
					"-lnexus_generative",
					"-lnexus_assets",
					"-lnexus_luma",
					"-lnexus_creative",
					"-lnexus_physics",
					"-lnexus_core",
					"-framework",
					Metal,
					"-framework",
					QuartzCore,
					"-lc++",
				);
				SWIFT_OBJC_BRIDGING_HEADER = "FinalEvolutionLab/Bridge/FinalEvolutionLab-Bridging-Header.h";
				INFOPLIST_KEY_ITSAppUsesNonExemptEncryption = NO;
				INFOPLIST_KEY_NSCameraUsageDescription = "Record movement clips in the Lab when you choose the camera for analysis";
				INFOPLIST_KEY_NSHealthShareUsageDescription = "Read your health data to calculate readiness and efficiency scores";
				INFOPLIST_KEY_NSHealthUpdateUsageDescription = "Save workout data to Apple Health";
				INFOPLIST_KEY_NSMotionUsageDescription = "Stream accelerometer and gyroscope data to power the training engine";
				INFOPLIST_KEY_NSPhotoLibraryUsageDescription = "Upload jump and dunk videos for movement analysis and PRQ scoring";
				INFOPLIST_KEY_UIApplicationSceneManifest_Generation = YES;
				INFOPLIST_KEY_UIApplicationSupportsIndirectInputEvents = YES;
				INFOPLIST_KEY_UILaunchScreen_Generation = YES;
				INFOPLIST_KEY_UISupportedInterfaceOrientations_iPad = "UIInterfaceOrientationPortrait UIInterfaceOrientationPortraitUpsideDown UIInterfaceOrientationLandscapeLeft UIInterfaceOrientationLandscapeRight";
				INFOPLIST_KEY_UISupportedInterfaceOrientations_iPhone = "UIInterfaceOrientationPortrait UIInterfaceOrientationLandscapeLeft UIInterfaceOrientationLandscapeRight";
				LD_RUNPATH_SEARCH_PATHS = (
					"$(inherited)",
					"@executable_path/Frameworks",
				);
				FRAMEWORK_SEARCH_PATHS = (
					"$(inherited)",
					"$(PROJECT_DIR)/Vendor",
				);
				MARKETING_VERSION = 1.0.0;
				PRODUCT_BUNDLE_IDENTIFIER = com.finalevolutionlab.app;
				PRODUCT_NAME = "$(TARGET_NAME)";
				STRING_CATALOG_GENERATE_SYMBOLS = YES;
				SWIFT_ACTIVE_COMPILATION_CONDITIONS = "$(inherited) NEXUS_USE_FIREBASE FEL_UNITY_EMBEDDED";
				SWIFT_APPROACHABLE_CONCURRENCY = YES;
				SWIFT_DEFAULT_ACTOR_ISOLATION = MainActor;
				SWIFT_EMIT_LOC_STRINGS = YES;
				SWIFT_UPCOMING_FEATURE_MEMBER_IMPORT_VISIBILITY = YES;
				SWIFT_VERSION = 5.0;
				TARGETED_DEVICE_FAMILY = "1,2";
			};
			name = Debug;
		};
		105FC59F2E9EAD3200EA8BCF /* Release */ = {
			isa = XCBuildConfiguration;
			buildSettings = {
				ASSETCATALOG_COMPILER_APPICON_NAME = AppIcon;
				ASSETCATALOG_COMPILER_GLOBAL_ACCENT_COLOR_NAME = AccentColor;
				CLANG_CXX_LANGUAGE_STANDARD = "gnu++20";
				CODE_SIGN_ENTITLEMENTS = FinalEvolutionLab/FinalEvolutionLab.entitlements;
				"CODE_SIGN_IDENTITY[sdk=iphoneos*]" = "iPhone Distribution";
				CODE_SIGN_STYLE = Manual;
				CURRENT_PROJECT_VERSION = 1;
				DEVELOPMENT_TEAM = 78L8GWA44F;
				"DEVELOPMENT_TEAM[sdk=iphoneos*]" = 7KJ6G7HLL4;
				ENABLE_PREVIEWS = YES;
				ENABLE_USER_SCRIPT_SANDBOXING = NO;
				GENERATE_INFOPLIST_FILE = YES;
				HEADER_SEARCH_PATHS = (
					"$(inherited)",
					"$(SRCROOT)/third_party",
					"$(SRCROOT)/engine/core/include",
					"$(SRCROOT)/engine/physics/include",
					"$(SRCROOT)/engine/creative/include",
					"$(SRCROOT)/engine/assets/include",
					"$(SRCROOT)/engine/generative/include",
					"$(SRCROOT)/engine/assets/include",
					"$(SRCROOT)/engine/luma/include",
					"$(SRCROOT)/engine/ai_interface/include",
					"$(SRCROOT)/engine/renderer/include",
					"$(SRCROOT)/app/gameplay/include",
					"$(SRCROOT)/build-ios/nexus-ios/_deps/nlohmann_json-src/include",
					"$(SRCROOT)/build-ios/_deps/nlohmann_json-src/include",
					"$(SRCROOT)/NexusPrebuilt/_deps/nlohmann_json-src/include",
					"$(TARGET_TEMP_DIR)/nexus-ios/_deps/nlohmann_json-src/include",
				);
				LIBRARY_SEARCH_PATHS = (
					"$(inherited)",
					"$(DERIVED_FILE_DIR)/nexus-ios",
					"$(SRCROOT)/NexusPrebuilt",
					"$(SRCROOT)/build-ios",
				);
				OTHER_LDFLAGS = (
					"$(inherited)",
					"-lnexus_gameplay",
					"-lnexus_renderer",
					"-lnexus_ai_interface",
					"-lnexus_generative",
					"-lnexus_assets",
					"-lnexus_luma",
					"-lnexus_creative",
					"-lnexus_physics",
					"-lnexus_core",
					"-framework",
					Metal,
					"-framework",
					QuartzCore,
					"-lc++",
				);
				SWIFT_OBJC_BRIDGING_HEADER = "FinalEvolutionLab/Bridge/FinalEvolutionLab-Bridging-Header.h";
				INFOPLIST_KEY_ITSAppUsesNonExemptEncryption = NO;
				INFOPLIST_KEY_NSCameraUsageDescription = "Record movement clips in the Lab when you choose the camera for analysis";
				INFOPLIST_KEY_NSHealthShareUsageDescription = "Read your health data to calculate readiness and efficiency scores";
				INFOPLIST_KEY_NSHealthUpdateUsageDescription = "Save workout data to Apple Health";
				INFOPLIST_KEY_NSMotionUsageDescription = "Stream accelerometer and gyroscope data to power the training engine";
				INFOPLIST_KEY_NSPhotoLibraryUsageDescription = "Upload jump and dunk videos for movement analysis and PRQ scoring";
				INFOPLIST_KEY_UIApplicationSceneManifest_Generation = YES;
				INFOPLIST_KEY_UIApplicationSupportsIndirectInputEvents = YES;
				INFOPLIST_KEY_UILaunchScreen_Generation = YES;
				INFOPLIST_KEY_UISupportedInterfaceOrientations_iPad = "UIInterfaceOrientationPortrait UIInterfaceOrientationPortraitUpsideDown UIInterfaceOrientationLandscapeLeft UIInterfaceOrientationLandscapeRight";
				INFOPLIST_KEY_UISupportedInterfaceOrientations_iPhone = "UIInterfaceOrientationPortrait UIInterfaceOrientationLandscapeLeft UIInterfaceOrientationLandscapeRight";
				LD_RUNPATH_SEARCH_PATHS = (
					"$(inherited)",
					"@executable_path/Frameworks",
				);
				FRAMEWORK_SEARCH_PATHS = (
					"$(inherited)",
					"$(PROJECT_DIR)/Vendor",
				);
				MARKETING_VERSION = 1.0.0;
				PRODUCT_BUNDLE_IDENTIFIER = com.finalevolutionlab.app;
				PRODUCT_NAME = "$(TARGET_NAME)";
				"PROVISIONING_PROFILE_SPECIFIER[sdk=iphoneos*]" = FEL_TestFlight_Distribution;
				STRING_CATALOG_GENERATE_SYMBOLS = YES;
				SWIFT_ACTIVE_COMPILATION_CONDITIONS = "$(inherited) NEXUS_USE_FIREBASE FEL_UNITY_EMBEDDED";
				SWIFT_APPROACHABLE_CONCURRENCY = YES;
				SWIFT_DEFAULT_ACTOR_ISOLATION = MainActor;
				SWIFT_EMIT_LOC_STRINGS = YES;
				SWIFT_UPCOMING_FEATURE_MEMBER_IMPORT_VISIBILITY = YES;
				SWIFT_VERSION = 5.0;
				TARGETED_DEVICE_FAMILY = "1,2";
			};
			name = Release;
		};
		105FC5A12E9EAD3200EA8BCF /* Debug */ = {
			isa = XCBuildConfiguration;
			buildSettings = {
				BUNDLE_LOADER = "$(TEST_HOST)";
				CODE_SIGN_STYLE = Automatic;
				CURRENT_PROJECT_VERSION = 1;
				DEVELOPMENT_TEAM = "";
				GENERATE_INFOPLIST_FILE = YES;
				IPHONEOS_DEPLOYMENT_TARGET = 18.0;
				MARKETING_VERSION = 1.0.0;
				PRODUCT_BUNDLE_IDENTIFIER = com.finalevolutionlab.tests;
				PRODUCT_NAME = "$(TARGET_NAME)";
				STRING_CATALOG_GENERATE_SYMBOLS = NO;
				SWIFT_APPROACHABLE_CONCURRENCY = YES;
				SWIFT_EMIT_LOC_STRINGS = NO;
				SWIFT_UPCOMING_FEATURE_MEMBER_IMPORT_VISIBILITY = YES;
				SWIFT_VERSION = 5.0;
				TARGETED_DEVICE_FAMILY = "1,2";
				TEST_HOST = "$(BUILT_PRODUCTS_DIR)/FinalEvolutionLab.app/$(BUNDLE_EXECUTABLE_FOLDER_PATH)/FinalEvolutionLab";
			};
			name = Debug;
		};
		105FC5A22E9EAD3200EA8BCF /* Release */ = {
			isa = XCBuildConfiguration;
			buildSettings = {
				BUNDLE_LOADER = "$(TEST_HOST)";
				CODE_SIGN_STYLE = Automatic;
				CURRENT_PROJECT_VERSION = 1;
				DEVELOPMENT_TEAM = "";
				GENERATE_INFOPLIST_FILE = YES;
				IPHONEOS_DEPLOYMENT_TARGET = 18.0;
				MARKETING_VERSION = 1.0.0;
				PRODUCT_BUNDLE_IDENTIFIER = com.finalevolutionlab.tests;
				PRODUCT_NAME = "$(TARGET_NAME)";
				STRING_CATALOG_GENERATE_SYMBOLS = NO;
				SWIFT_APPROACHABLE_CONCURRENCY = YES;
				SWIFT_EMIT_LOC_STRINGS = NO;
				SWIFT_UPCOMING_FEATURE_MEMBER_IMPORT_VISIBILITY = YES;
				SWIFT_VERSION = 5.0;
				TARGETED_DEVICE_FAMILY = "1,2";
				TEST_HOST = "$(BUILT_PRODUCTS_DIR)/FinalEvolutionLab.app/$(BUNDLE_EXECUTABLE_FOLDER_PATH)/FinalEvolutionLab";
			};
			name = Release;
		};
		105FC5A42E9EAD3200EA8BCF /* Debug */ = {
			isa = XCBuildConfiguration;
			buildSettings = {
				CODE_SIGN_STYLE = Automatic;
				CURRENT_PROJECT_VERSION = 1;
				DEVELOPMENT_TEAM = "";
				GENERATE_INFOPLIST_FILE = YES;
				MARKETING_VERSION = 1.0.0;
				PRODUCT_BUNDLE_IDENTIFIER = com.finalevolutionlab.uitests;
				PRODUCT_NAME = "$(TARGET_NAME)";
				STRING_CATALOG_GENERATE_SYMBOLS = NO;
				SWIFT_APPROACHABLE_CONCURRENCY = YES;
				SWIFT_EMIT_LOC_STRINGS = NO;
				SWIFT_UPCOMING_FEATURE_MEMBER_IMPORT_VISIBILITY = YES;
				SWIFT_VERSION = 5.0;
				TARGETED_DEVICE_FAMILY = "1,2";
				TEST_TARGET_NAME = FinalEvolutionLab;
			};
			name = Debug;
		};
		105FC5A52E9EAD3200EA8BCF /* Release */ = {
			isa = XCBuildConfiguration;
			buildSettings = {
				CODE_SIGN_STYLE = Automatic;
				CURRENT_PROJECT_VERSION = 1;
				DEVELOPMENT_TEAM = "";
				GENERATE_INFOPLIST_FILE = YES;
				MARKETING_VERSION = 1.0.0;
				PRODUCT_BUNDLE_IDENTIFIER = com.finalevolutionlab.uitests;
				PRODUCT_NAME = "$(TARGET_NAME)";
				STRING_CATALOG_GENERATE_SYMBOLS = NO;
				SWIFT_APPROACHABLE_CONCURRENCY = YES;
				SWIFT_EMIT_LOC_STRINGS = NO;
				SWIFT_UPCOMING_FEATURE_MEMBER_IMPORT_VISIBILITY = YES;
				SWIFT_VERSION = 5.0;
				TARGETED_DEVICE_FAMILY = "1,2";
				TEST_TARGET_NAME = FinalEvolutionLab;
			};
			name = Release;
		};
/* End XCBuildConfiguration section */

/* Begin XCConfigurationList section */
		105FC5752E9EAD3100EA8BCF /* Build configuration list for PBXProject "FinalEvolutionLab" */ = {
			isa = XCConfigurationList;
			buildConfigurations = (
				105FC59B2E9EAD3200EA8BCF /* Debug */,
				105FC59C2E9EAD3200EA8BCF /* Release */,
			);
			defaultConfigurationIsVisible = 0;
			defaultConfigurationName = Release;
		};
		105FC59D2E9EAD3200EA8BCF /* Build configuration list for PBXNativeTarget "FinalEvolutionLab" */ = {
			isa = XCConfigurationList;
			buildConfigurations = (
				105FC59E2E9EAD3200EA8BCF /* Debug */,
				105FC59F2E9EAD3200EA8BCF /* Release */,
			);
			defaultConfigurationIsVisible = 0;
			defaultConfigurationName = Release;
		};
		105FC5A02E9EAD3200EA8BCF /* Build configuration list for PBXNativeTarget "FinalEvolutionLabTests" */ = {
			isa = XCConfigurationList;
			buildConfigurations = (
				105FC5A12E9EAD3200EA8BCF /* Debug */,
				105FC5A22E9EAD3200EA8BCF /* Release */,
			);
			defaultConfigurationIsVisible = 0;
			defaultConfigurationName = Release;
		};
		105FC5A32E9EAD3200EA8BCF /* Build configuration list for PBXNativeTarget "FinalEvolutionLabUITests" */ = {
			isa = XCConfigurationList;
			buildConfigurations = (
				105FC5A42E9EAD3200EA8BCF /* Debug */,
				105FC5A52E9EAD3200EA8BCF /* Release */,
			);
			defaultConfigurationIsVisible = 0;
			defaultConfigurationName = Release;
		};
/* End XCConfigurationList section */

/* Begin XCLocalSwiftPackageReference section */
		FEAA01012E9F000000EA8BCF /* XCLocalSwiftPackageReference "FinalEvolutionLab/Generated/SocialDataConnect/SocialDataConnect" */ = {
			isa = XCLocalSwiftPackageReference;
			relativePath = FinalEvolutionLab/Generated/SocialDataConnect/SocialDataConnect;
		};
/* End XCLocalSwiftPackageReference section */

/* Begin XCRemoteSwiftPackageReference section */
		FEFB00102E9EAD3100EA8BCF /* XCRemoteSwiftPackageReference "firebase-ios-sdk" */ = {
			isa = XCRemoteSwiftPackageReference;
			repositoryURL = "https://github.com/firebase/firebase-ios-sdk";
			requirement = {
				kind = exactVersion;
				version = 12.15.0;
			};
		};
/* End XCRemoteSwiftPackageReference section */

/* Begin XCSwiftPackageProductDependency section */
		FEAA01022E9F000000EA8BCF /* SocialDataConnect */ = {
			isa = XCSwiftPackageProductDependency;
			package = FEAA01012E9F000000EA8BCF /* XCLocalSwiftPackageReference "FinalEvolutionLab/Generated/SocialDataConnect/SocialDataConnect" */;
			productName = SocialDataConnect;
		};
		FEAA03002E9F200000EA8BCF /* FirebaseCrashlytics */ = {
			isa = XCSwiftPackageProductDependency;
			package = FEFB00102E9EAD3100EA8BCF /* XCRemoteSwiftPackageReference "firebase-ios-sdk" */;
			productName = FirebaseCrashlytics;
		};
		FEFB00202E9EAD3100EA8BCF /* FirebaseCore */ = {
			isa = XCSwiftPackageProductDependency;
			package = FEFB00102E9EAD3100EA8BCF /* XCRemoteSwiftPackageReference "firebase-ios-sdk" */;
			productName = FirebaseCore;
		};
		FEFB00402E9EAD3100EA8BCF /* FirebaseFirestore */ = {
			isa = XCSwiftPackageProductDependency;
			package = FEFB00102E9EAD3100EA8BCF /* XCRemoteSwiftPackageReference "firebase-ios-sdk" */;
			productName = FirebaseFirestore;
		};
		FEFB00502E9EAD3100EA8BCF /* FirebaseAuth */ = {
			isa = XCSwiftPackageProductDependency;
			package = FEFB00102E9EAD3100EA8BCF /* XCRemoteSwiftPackageReference "firebase-ios-sdk" */;
			productName = FirebaseAuth;
		};
/* End XCSwiftPackageProductDependency section */
	};
	rootObject = 105FC5722E9EAD3100EA8BCF /* Project object */;
}
